
Microsoft Visual Studio Solution File, Format Version 12.00
# Visual Studio Version 17
VisualStudioVersion = 17.2.32526.322
MinimumVisualStudioVersion = 10.0.40219.1
Project("{FAE04EC0-301F-11D3-BF4B-00C04F79EFBC}") = "CurrencyConverter", "CurrencyConverter\CurrencyConverter.csproj", "{7610FCA6-F5F1-4A5B-ADFD-46E100DCC69F}"
EndProject
Global
	GlobalSection(SolutionConfigurationPlatforms) = preSolution
		Debug|Any CPU = Debug|Any CPU
		Release|Any CPU = Release|Any CPU
	EndGlobalSection
	GlobalSection(ProjectConfigurationPlatforms) = postSolution
		{7610FCA6-F5F1-4A5B-ADFD-46E100DCC69F}.Debug|Any CPU.ActiveCfg = Debug|Any CPU
		{7610FCA6-F5F1-4A5B-ADFD-46E100DCC69F}.Debug|Any CPU.Build.0 = Debug|Any CPU
		{7610FCA6-F5F1-4A5B-ADFD-46E100DCC69F}.Release|Any CPU.ActiveCfg = Release|Any CPU
		{7610FCA6-F5F1-4A5B-ADFD-46E100DCC69F}.Release|Any CPU.Build.0 = Release|Any CPU
	EndGlobalSection
	GlobalSection(SolutionProperties) = preSolution
		HideSolutionNode = FALSE
	EndGlobalSection
	GlobalSection(ExtensibilityGlobals) = postSolution
		SolutionGuid = {E494202E-81AB-482F-9181-38C28B13FC72}
	EndGlobalSection
EndGlobal
